// !$*UTF8*$!
{
	archiveVersion = 1;
	classes = {
	};
	objectVersion = 56;
	objects = {

/* Begin PBXBuildFile section */
		6A2C3D292C04D0E7008B8FCE /* drop.mp3 in Resources */ = {isa = PBXBuildFile; fileRef = 6A2C3D282C04D0E7008B8FCE /* drop.mp3 */; };
		6A2C3D2B2C04D1BB008B8FCE /* win.mp3 in Resources */ = {isa = PBXBuildFile; fileRef = 6A2C3D2A2C04D1BB008B8FCE /* win.mp3 */; };
		6A2C3D2D2C04D2FD008B8FCE /* wheel.mp3 in Resources */ = {isa = PBXBuildFile; fileRef = 6A2C3D2C2C04D2FD008B8FCE /* wheel.mp3 */; };
		6A2C3D2F2C04F1CE008B8FCE /* coins.mp3 in Resources */ = {isa = PBXBuildFile; fileRef = 6A2C3D2E2C04F1CE008B8FCE /* coins.mp3 */; };
		6A2C3D312C04F8DD008B8FCE /* slot.mp3 in Resources */ = {isa = PBXBuildFile; fileRef = 6A2C3D302C04F8DD008B8FCE /* slot.mp3 */; };
		6A3EEDA42C14CC9100E81E44 /* HeaderView.swift in Sources */ = {isa = PBXBuildFile; fileRef = 6A3EEDA32C14CC9100E81E44 /* HeaderView.swift */; };
		6A59E4D82BFBF482009FDF39 /* MagicWheelView.swift in Sources */ = {isa = PBXBuildFile; fileRef = 6A59E4D72BFBF482009FDF39 /* MagicWheelView.swift */; };
		6A59E4DA2BFBF4B0009FDF39 /* ThunderView.swift in Sources */ = {isa = PBXBuildFile; fileRef = 6A59E4D92BFBF4B0009FDF39 /* ThunderView.swift */; };
		6A59E4DD2BFBF505009FDF39 /* NavBarComponent.swift in Sources */ = {isa = PBXBuildFile; fileRef = 6A59E4DC2BFBF505009FDF39 /* NavBarComponent.swift */; };
		6A59E4DF2BFBF55B009FDF39 /* GameCellContainer.swift in Sources */ = {isa = PBXBuildFile; fileRef = 6A59E4DE2BFBF55B009FDF39 /* GameCellContainer.swift */; };
		6A59E4E12BFBF8F8009FDF39 /* GradientButton.swift in Sources */ = {isa = PBXBuildFile; fileRef = 6A59E4E02BFBF8F8009FDF39 /* GradientButton.swift */; };
		6A59E4E32BFBFA4D009FDF39 /* ColorPalette.swift in Sources */ = {isa = PBXBuildFile; fileRef = 6A59E4E22BFBFA4D009FDF39 /* ColorPalette.swift */; };
		6A6E8EC02C217F74001C5786 /* Ext+Device.swift in Sources */ = {isa = PBXBuildFile; fileRef = 6A6E8EBF2C217F74001C5786 /* Ext+Device.swift */; };
		6A7294492C1348E20099268B /* SettingsView.swift in Sources */ = {isa = PBXBuildFile; fileRef = 6A7294482C1348E20099268B /* SettingsView.swift */; };
		6A72944B2C134AC10099268B /* ParameterView.swift in Sources */ = {isa = PBXBuildFile; fileRef = 6A72944A2C134AC10099268B /* ParameterView.swift */; };
		6A7857262C0491A500BE679F /* AudioPlayer.swift in Sources */ = {isa = PBXBuildFile; fileRef = 6A7857252C0491A500BE679F /* AudioPlayer.swift */; };
		6A78572F2C04955B00BE679F /* olympus.mp3 in Resources */ = {isa = PBXBuildFile; fileRef = 6A78572E2C04955B00BE679F /* olympus.mp3 */; };
		6A7A4B322C0070F5004E2132 /* BadgetPosition.swift in Sources */ = {isa = PBXBuildFile; fileRef = 6A7A4B312C0070F5004E2132 /* BadgetPosition.swift */; };
		6A8B28952BFE0AA700D5A071 /* RotateWheelView.swift in Sources */ = {isa = PBXBuildFile; fileRef = 6A8B28942BFE0AA700D5A071 /* RotateWheelView.swift */; };
		6A98509A2C92444900D8EBC6 /* InAppPurchaseManager.swift in Sources */ = {isa = PBXBuildFile; fileRef = 6A9850992C92444900D8EBC6 /* InAppPurchaseManager.swift */; };
		6A98509C2C924EC400D8EBC6 /* AdsManager.swift in Sources */ = {isa = PBXBuildFile; fileRef = 6A98509B2C924EC400D8EBC6 /* AdsManager.swift */; };
		6A9850A22C924F4D00D8EBC6 /* GoogleMobileAds in Frameworks */ = {isa = PBXBuildFile; productRef = 6A9850A12C924F4D00D8EBC6 /* GoogleMobileAds */; };
		6AB6762B2C9238DB006E1B01 /* ExampleView.swift in Sources */ = {isa = PBXBuildFile; fileRef = 6AB6762A2C9238DB006E1B01 /* ExampleView.swift */; };
		6AD693B12BFCA3BC00F6493D /* CoinsBalanceView.swift in Sources */ = {isa = PBXBuildFile; fileRef = 6AD693B02BFCA3BC00F6493D /* CoinsBalanceView.swift */; };
		6AD693B32BFCA5F900F6493D /* Montserrat-Regular.ttf in Resources */ = {isa = PBXBuildFile; fileRef = 6AD693B22BFCA5F900F6493D /* Montserrat-Regular.ttf */; };
		6AD693B82BFCA74600F6493D /* TextModifier.swift in Sources */ = {isa = PBXBuildFile; fileRef = 6AD693B72BFCA74600F6493D /* TextModifier.swift */; };
		6AD693BA2BFCB1CA00F6493D /* Montserrat-Black.ttf in Resources */ = {isa = PBXBuildFile; fileRef = 6AD693B92BFCB1CA00F6493D /* Montserrat-Black.ttf */; };
		6AD693BC2BFCBDCC00F6493D /* Constant.swift in Sources */ = {isa = PBXBuildFile; fileRef = 6AD693BB2BFCBDCC00F6493D /* Constant.swift */; };
		6AD693BE2BFCF20C00F6493D /* BlureBottomView.swift in Sources */ = {isa = PBXBuildFile; fileRef = 6AD693BD2BFCF20C00F6493D /* BlureBottomView.swift */; };
		6AD693C32BFCFE6400F6493D /* ThunderGridView.swift in Sources */ = {isa = PBXBuildFile; fileRef = 6AD693C22BFCFE6400F6493D /* ThunderGridView.swift */; };
		6AD7CCD12BFE53CB0090D894 /* GuideView.swift in Sources */ = {isa = PBXBuildFile; fileRef = 6AD7CCD02BFE53CB0090D894 /* GuideView.swift */; };
		6ADD16C02BFBA58C00C76D08 /* GateOfOlympusApp.swift in Sources */ = {isa = PBXBuildFile; fileRef = 6ADD16BF2BFBA58C00C76D08 /* GateOfOlympusApp.swift */; };
		6ADD16C22BFBA58C00C76D08 /* HomeView.swift in Sources */ = {isa = PBXBuildFile; fileRef = 6ADD16C12BFBA58C00C76D08 /* HomeView.swift */; };
		6ADD16C42BFBA58D00C76D08 /* Assets.xcassets in Resources */ = {isa = PBXBuildFile; fileRef = 6ADD16C32BFBA58D00C76D08 /* Assets.xcassets */; };
		6ADD16C72BFBA58D00C76D08 /* Preview Assets.xcassets in Resources */ = {isa = PBXBuildFile; fileRef = 6ADD16C62BFBA58D00C76D08 /* Preview Assets.xcassets */; };
		6ADD16D02BFBA6C300C76D08 /* OnboardingView.swift in Sources */ = {isa = PBXBuildFile; fileRef = 6ADD16CF2BFBA6C300C76D08 /* OnboardingView.swift */; };
		6ADD16D22BFBA73F00C76D08 /* LaunchScreenView.swift in Sources */ = {isa = PBXBuildFile; fileRef = 6ADD16D12BFBA73F00C76D08 /* LaunchScreenView.swift */; };
		6ADD16D62BFBA96400C76D08 /* ThunderViewModel.swift in Sources */ = {isa = PBXBuildFile; fileRef = 6ADD16D52BFBA96400C76D08 /* ThunderViewModel.swift */; };
		6ADD16DA2BFBACB500C76D08 /* TextAreaConteiner.swift in Sources */ = {isa = PBXBuildFile; fileRef = 6ADD16D92BFBACB500C76D08 /* TextAreaConteiner.swift */; };
		6AF42CD72C0BCA95005BE5F8 /* NotificationManager.swift in Sources */ = {isa = PBXBuildFile; fileRef = 6AF42CD62C0BCA95005BE5F8 /* NotificationManager.swift */; };
/* End PBXBuildFile section */

/* Begin PBXCopyFilesBuildPhase section */
		6AF42CBA2C0BC1ED005BE5F8 /* Embed Foundation Extensions */ = {
			isa = PBXCopyFilesBuildPhase;
			buildActionMask = 2147483647;
			dstPath = "";
			dstSubfolderSpec = 13;
			files = (
			);
			name = "Embed Foundation Extensions";
			runOnlyForDeploymentPostprocessing = 0;
		};
/* End PBXCopyFilesBuildPhase section */

/* Begin PBXFileReference section */
		6A2C3D282C04D0E7008B8FCE /* drop.mp3 */ = {isa = PBXFileReference; lastKnownFileType = audio.mp3; path = drop.mp3; sourceTree = "<group>"; };
		6A2C3D2A2C04D1BB008B8FCE /* win.mp3 */ = {isa = PBXFileReference; lastKnownFileType = audio.mp3; path = win.mp3; sourceTree = "<group>"; };
		6A2C3D2C2C04D2FD008B8FCE /* wheel.mp3 */ = {isa = PBXFileReference; lastKnownFileType = audio.mp3; path = wheel.mp3; sourceTree = "<group>"; };
		6A2C3D2E2C04F1CE008B8FCE /* coins.mp3 */ = {isa = PBXFileReference; lastKnownFileType = audio.mp3; path = coins.mp3; sourceTree = "<group>"; };
		6A2C3D302C04F8DD008B8FCE /* slot.mp3 */ = {isa = PBXFileReference; lastKnownFileType = audio.mp3; path = slot.mp3; sourceTree = "<group>"; };
		6A3EEDA32C14CC9100E81E44 /* HeaderView.swift */ = {isa = PBXFileReference; lastKnownFileType = sourcecode.swift; path = HeaderView.swift; sourceTree = "<group>"; };
		6A59E4D72BFBF482009FDF39 /* MagicWheelView.swift */ = {isa = PBXFileReference; lastKnownFileType = sourcecode.swift; path = MagicWheelView.swift; sourceTree = "<group>"; };
		6A59E4D92BFBF4B0009FDF39 /* ThunderView.swift */ = {isa = PBXFileReference; lastKnownFileType = sourcecode.swift; path = ThunderView.swift; sourceTree = "<group>"; };
		6A59E4DC2BFBF505009FDF39 /* NavBarComponent.swift */ = {isa = PBXFileReference; lastKnownFileType = sourcecode.swift; path = NavBarComponent.swift; sourceTree = "<group>"; };
		6A59E4DE2BFBF55B009FDF39 /* GameCellContainer.swift */ = {isa = PBXFileReference; lastKnownFileType = sourcecode.swift; path = GameCellContainer.swift; sourceTree = "<group>"; };
		6A59E4E02BFBF8F8009FDF39 /* GradientButton.swift */ = {isa = PBXFileReference; lastKnownFileType = sourcecode.swift; path = GradientButton.swift; sourceTree = "<group>"; };
		6A59E4E22BFBFA4D009FDF39 /* ColorPalette.swift */ = {isa = PBXFileReference; lastKnownFileType = sourcecode.swift; path = ColorPalette.swift; sourceTree = "<group>"; };
		6A6E8EBF2C217F74001C5786 /* Ext+Device.swift */ = {isa = PBXFileReference; lastKnownFileType = sourcecode.swift; path = "Ext+Device.swift"; sourceTree = "<group>"; };
		6A7294482C1348E20099268B /* SettingsView.swift */ = {isa = PBXFileReference; lastKnownFileType = sourcecode.swift; path = SettingsView.swift; sourceTree = "<group>"; };
		6A72944A2C134AC10099268B /* ParameterView.swift */ = {isa = PBXFileReference; lastKnownFileType = sourcecode.swift; path = ParameterView.swift; sourceTree = "<group>"; };
		6A7857252C0491A500BE679F /* AudioPlayer.swift */ = {isa = PBXFileReference; lastKnownFileType = sourcecode.swift; path = AudioPlayer.swift; sourceTree = "<group>"; };
		6A78572E2C04955B00BE679F /* olympus.mp3 */ = {isa = PBXFileReference; lastKnownFileType = audio.mp3; path = olympus.mp3; sourceTree = "<group>"; };
		6A7A4B312C0070F5004E2132 /* BadgetPosition.swift */ = {isa = PBXFileReference; lastKnownFileType = sourcecode.swift; path = BadgetPosition.swift; sourceTree = "<group>"; };
		6A8B28942BFE0AA700D5A071 /* RotateWheelView.swift */ = {isa = PBXFileReference; lastKnownFileType = sourcecode.swift; path = RotateWheelView.swift; sourceTree = "<group>"; };
		6A9850982C9241BF00D8EBC6 /* Configuration.storekit */ = {isa = PBXFileReference; lastKnownFileType = text; path = Configuration.storekit; sourceTree = "<group>"; };
		6A9850992C92444900D8EBC6 /* InAppPurchaseManager.swift */ = {isa = PBXFileReference; lastKnownFileType = sourcecode.swift; path = InAppPurchaseManager.swift; sourceTree = "<group>"; };
		6A98509B2C924EC400D8EBC6 /* AdsManager.swift */ = {isa = PBXFileReference; lastKnownFileType = sourcecode.swift; path = AdsManager.swift; sourceTree = "<group>"; };
		6AB6762A2C9238DB006E1B01 /* ExampleView.swift */ = {isa = PBXFileReference; lastKnownFileType = sourcecode.swift; path = ExampleView.swift; sourceTree = "<group>"; };
		6AD693B02BFCA3BC00F6493D /* CoinsBalanceView.swift */ = {isa = PBXFileReference; lastKnownFileType = sourcecode.swift; path = CoinsBalanceView.swift; sourceTree = "<group>"; };
		6AD693B22BFCA5F900F6493D /* Montserrat-Regular.ttf */ = {isa = PBXFileReference; lastKnownFileType = file; path = "Montserrat-Regular.ttf"; sourceTree = "<group>"; };
		6AD693B62BFCA69200F6493D /* Info.plist */ = {isa = PBXFileReference; lastKnownFileType = text.plist; path = Info.plist; sourceTree = "<group>"; };
		6AD693B72BFCA74600F6493D /* TextModifier.swift */ = {isa = PBXFileReference; lastKnownFileType = sourcecode.swift; path = TextModifier.swift; sourceTree = "<group>"; };
		6AD693B92BFCB1CA00F6493D /* Montserrat-Black.ttf */ = {isa = PBXFileReference; lastKnownFileType = file; path = "Montserrat-Black.ttf"; sourceTree = "<group>"; };
		6AD693BB2BFCBDCC00F6493D /* Constant.swift */ = {isa = PBXFileReference; lastKnownFileType = sourcecode.swift; path = Constant.swift; sourceTree = "<group>"; };
		6AD693BD2BFCF20C00F6493D /* BlureBottomView.swift */ = {isa = PBXFileReference; lastKnownFileType = sourcecode.swift; path = BlureBottomView.swift; sourceTree = "<group>"; };
		6AD693C22BFCFE6400F6493D /* ThunderGridView.swift */ = {isa = PBXFileReference; lastKnownFileType = sourcecode.swift; path = ThunderGridView.swift; sourceTree = "<group>"; };
		6AD7CCD02BFE53CB0090D894 /* GuideView.swift */ = {isa = PBXFileReference; lastKnownFileType = sourcecode.swift; path = GuideView.swift; sourceTree = "<group>"; };
		6ADD16BC2BFBA58C00C76D08 /* GateOfOlympus.app */ = {isa = PBXFileReference; explicitFileType = wrapper.application; includeInIndex = 0; path = GateOfOlympus.app; sourceTree = BUILT_PRODUCTS_DIR; };
		6ADD16BF2BFBA58C00C76D08 /* GateOfOlympusApp.swift */ = {isa = PBXFileReference; lastKnownFileType = sourcecode.swift; path = GateOfOlympusApp.swift; sourceTree = "<group>"; };
		6ADD16C12BFBA58C00C76D08 /* HomeView.swift */ = {isa = PBXFileReference; lastKnownFileType = sourcecode.swift; path = HomeView.swift; sourceTree = "<group>"; };
		6ADD16C32BFBA58D00C76D08 /* Assets.xcassets */ = {isa = PBXFileReference; lastKnownFileType = folder.assetcatalog; path = Assets.xcassets; sourceTree = "<group>"; };
		6ADD16C62BFBA58D00C76D08 /* Preview Assets.xcassets */ = {isa = PBXFileReference; lastKnownFileType = folder.assetcatalog; path = "Preview Assets.xcassets"; sourceTree = "<group>"; };
		6ADD16CF2BFBA6C300C76D08 /* OnboardingView.swift */ = {isa = PBXFileReference; lastKnownFileType = sourcecode.swift; path = OnboardingView.swift; sourceTree = "<group>"; };
		6ADD16D12BFBA73F00C76D08 /* LaunchScreenView.swift */ = {isa = PBXFileReference; lastKnownFileType = sourcecode.swift; path = LaunchScreenView.swift; sourceTree = "<group>"; };
		6ADD16D52BFBA96400C76D08 /* ThunderViewModel.swift */ = {isa = PBXFileReference; lastKnownFileType = sourcecode.swift; path = ThunderViewModel.swift; sourceTree = "<group>"; };
		6ADD16D92BFBACB500C76D08 /* TextAreaConteiner.swift */ = {isa = PBXFileReference; lastKnownFileType = sourcecode.swift; path = TextAreaConteiner.swift; sourceTree = "<group>"; };
		6AF42CA82C0BC1EC005BE5F8 /* WidgetKit.framework */ = {isa = PBXFileReference; lastKnownFileType = wrapper.framework; name = WidgetKit.framework; path = /System/Library/Frameworks/WidgetKit.framework; sourceTree = "<absolute>"; };
		6AF42CAA2C0BC1EC005BE5F8 /* SwiftUI.framework */ = {isa = PBXFileReference; lastKnownFileType = wrapper.framework; name = SwiftUI.framework; path = /System/Library/Frameworks/SwiftUI.framework; sourceTree = "<absolute>"; };
		6AF42CBE2C0BC393005BE5F8 /* GateOfOlympus.entitlements */ = {isa = PBXFileReference; lastKnownFileType = text.plist.entitlements; path = GateOfOlympus.entitlements; sourceTree = "<group>"; };
		6AF42CD62C0BCA95005BE5F8 /* NotificationManager.swift */ = {isa = PBXFileReference; lastKnownFileType = sourcecode.swift; path = NotificationManager.swift; sourceTree = "<group>"; };
/* End PBXFileReference section */

/* Begin PBXFrameworksBuildPhase section */
		6ADD16B92BFBA58C00C76D08 /* Frameworks */ = {
			isa = PBXFrameworksBuildPhase;
			buildActionMask = 2147483647;
			files = (
				6A9850A22C924F4D00D8EBC6 /* GoogleMobileAds in Frameworks */,
			);
			runOnlyForDeploymentPostprocessing = 0;
		};
/* End PBXFrameworksBuildPhase section */

/* Begin PBXGroup section */
		6A59E4DB2BFBF4C4009FDF39 /* Components */ = {
			isa = PBXGroup;
			children = (
				6A59E4DC2BFBF505009FDF39 /* NavBarComponent.swift */,
				6A59E4DE2BFBF55B009FDF39 /* GameCellContainer.swift */,
				6AD693B02BFCA3BC00F6493D /* CoinsBalanceView.swift */,
				6AD693B72BFCA74600F6493D /* TextModifier.swift */,
				6AD693BD2BFCF20C00F6493D /* BlureBottomView.swift */,
			);
			path = Components;
			sourceTree = "<group>";
		};
		6A59E4E42BFBFCCB009FDF39 /* Fonts */ = {
			isa = PBXGroup;
			children = (
				6AD693B92BFCB1CA00F6493D /* Montserrat-Black.ttf */,
				6AD693B22BFCA5F900F6493D /* Montserrat-Regular.ttf */,
			);
			path = Fonts;
			sourceTree = "<group>";
		};
		6A7294472C1348D30099268B /* Settings */ = {
			isa = PBXGroup;
			children = (
				6A7294482C1348E20099268B /* SettingsView.swift */,
				6A3EEDA32C14CC9100E81E44 /* HeaderView.swift */,
				6A72944A2C134AC10099268B /* ParameterView.swift */,
			);
			path = Settings;
			sourceTree = "<group>";
		};
		6A7857272C04944E00BE679F /* Audio */ = {
			isa = PBXGroup;
			children = (
				6A2C3D302C04F8DD008B8FCE /* slot.mp3 */,
				6A2C3D2E2C04F1CE008B8FCE /* coins.mp3 */,
				6A2C3D2A2C04D1BB008B8FCE /* win.mp3 */,
				6A2C3D2C2C04D2FD008B8FCE /* wheel.mp3 */,
				6A2C3D282C04D0E7008B8FCE /* drop.mp3 */,
				6A78572E2C04955B00BE679F /* olympus.mp3 */,
				6A7857252C0491A500BE679F /* AudioPlayer.swift */,
			);
			path = Audio;
			sourceTree = "<group>";
		};
		6A8B28932BFE0A3500D5A071 /* Wheel */ = {
			isa = PBXGroup;
			children = (
				6A59E4D72BFBF482009FDF39 /* MagicWheelView.swift */,
				6A8B28942BFE0AA700D5A071 /* RotateWheelView.swift */,
			);
			path = Wheel;
			sourceTree = "<group>";
		};
		6AD693C12BFCFE5600F6493D /* Thunder */ = {
			isa = PBXGroup;
			children = (
				6A59E4D92BFBF4B0009FDF39 /* ThunderView.swift */,
				6AD693C22BFCFE6400F6493D /* ThunderGridView.swift */,
				6AD7CCD02BFE53CB0090D894 /* GuideView.swift */,
			);
			path = Thunder;
			sourceTree = "<group>";
		};
		6ADD16B32BFBA58C00C76D08 = {
			isa = PBXGroup;
			children = (
				6ADD16BE2BFBA58C00C76D08 /* GateOfOlympus */,
				6AF42CA72C0BC1EC005BE5F8 /* Frameworks */,
				6ADD16BD2BFBA58C00C76D08 /* Products */,
			);
			sourceTree = "<group>";
		};
		6ADD16BD2BFBA58C00C76D08 /* Products */ = {
			isa = PBXGroup;
			children = (
				6ADD16BC2BFBA58C00C76D08 /* GateOfOlympus.app */,
			);
			name = Products;
			sourceTree = "<group>";
		};
		6ADD16BE2BFBA58C00C76D08 /* GateOfOlympus */ = {
			isa = PBXGroup;
			children = (
				6A9850982C9241BF00D8EBC6 /* Configuration.storekit */,
				6AF42CBE2C0BC393005BE5F8 /* GateOfOlympus.entitlements */,
				6AD693B62BFCA69200F6493D /* Info.plist */,
				6AB6762A2C9238DB006E1B01 /* ExampleView.swift */,
				6ADD16BF2BFBA58C00C76D08 /* GateOfOlympusApp.swift */,
				6ADD16D42BFBA94F00C76D08 /* ViewModel */,
				6ADD16D72BFBAA8B00C76D08 /* View */,
				6ADD16CE2BFBA6A600C76D08 /* Helpers */,
				6ADD16C32BFBA58D00C76D08 /* Assets.xcassets */,
				6ADD16C52BFBA58D00C76D08 /* Preview Content */,
			);
			path = GateOfOlympus;
			sourceTree = "<group>";
		};
		6ADD16C52BFBA58D00C76D08 /* Preview Content */ = {
			isa = PBXGroup;
			children = (
				6ADD16C62BFBA58D00C76D08 /* Preview Assets.xcassets */,
			);
			path = "Preview Content";
			sourceTree = "<group>";
		};
		6ADD16CD2BFBA68900C76D08 /* Onboarding */ = {
			isa = PBXGroup;
			children = (
				6ADD16D12BFBA73F00C76D08 /* LaunchScreenView.swift */,
				6ADD16CF2BFBA6C300C76D08 /* OnboardingView.swift */,
			);
			path = Onboarding;
			sourceTree = "<group>";
		};
		6ADD16CE2BFBA6A600C76D08 /* Helpers */ = {
			isa = PBXGroup;
			children = (
				6AD693BB2BFCBDCC00F6493D /* Constant.swift */,
				6A7857272C04944E00BE679F /* Audio */,
				6A59E4E42BFBFCCB009FDF39 /* Fonts */,
				6A59E4DB2BFBF4C4009FDF39 /* Components */,
				6ADD16DB2BFBACBD00C76D08 /* Extensions */,
			);
			path = Helpers;
			sourceTree = "<group>";
		};
		6ADD16D42BFBA94F00C76D08 /* ViewModel */ = {
			isa = PBXGroup;
			children = (
				6ADD16D52BFBA96400C76D08 /* ThunderViewModel.swift */,
				6AF42CD62C0BCA95005BE5F8 /* NotificationManager.swift */,
				6A9850992C92444900D8EBC6 /* InAppPurchaseManager.swift */,
				6A98509B2C924EC400D8EBC6 /* AdsManager.swift */,
			);
			path = ViewModel;
			sourceTree = "<group>";
		};
		6ADD16D72BFBAA8B00C76D08 /* View */ = {
			isa = PBXGroup;
			children = (
				6ADD16C12BFBA58C00C76D08 /* HomeView.swift */,
				6A7294472C1348D30099268B /* Settings */,
				6A8B28932BFE0A3500D5A071 /* Wheel */,
				6AD693C12BFCFE5600F6493D /* Thunder */,
				6ADD16CD2BFBA68900C76D08 /* Onboarding */,
			);
			path = View;
			sourceTree = "<group>";
		};
		6ADD16DB2BFBACBD00C76D08 /* Extensions */ = {
			isa = PBXGroup;
			children = (
				6A6E8EBF2C217F74001C5786 /* Ext+Device.swift */,
				6ADD16D92BFBACB500C76D08 /* TextAreaConteiner.swift */,
				6A7A4B312C0070F5004E2132 /* BadgetPosition.swift */,
				6A59E4E02BFBF8F8009FDF39 /* GradientButton.swift */,
				6A59E4E22BFBFA4D009FDF39 /* ColorPalette.swift */,
			);
			path = Extensions;
			sourceTree = "<group>";
		};
		6AF42CA72C0BC1EC005BE5F8 /* Frameworks */ = {
			isa = PBXGroup;
			children = (
				6AF42CA82C0BC1EC005BE5F8 /* WidgetKit.framework */,
				6AF42CAA2C0BC1EC005BE5F8 /* SwiftUI.framework */,
			);
			name = Frameworks;
			sourceTree = "<group>";
		};
/* End PBXGroup section */

/* Begin PBXNativeTarget section */
		6ADD16BB2BFBA58C00C76D08 /* GateOfOlympus */ = {
			isa = PBXNativeTarget;
			buildConfigurationList = 6ADD16CA2BFBA58D00C76D08 /* Build configuration list for PBXNativeTarget "GateOfOlympus" */;
			buildPhases = (
				6ADD16B82BFBA58C00C76D08 /* Sources */,
				6ADD16B92BFBA58C00C76D08 /* Frameworks */,
				6ADD16BA2BFBA58C00C76D08 /* Resources */,
				6AF42CBA2C0BC1ED005BE5F8 /* Embed Foundation Extensions */,
			);
			buildRules = (
			);
			dependencies = (
			);
			name = GateOfOlympus;
			packageProductDependencies = (
				6A9850A12C924F4D00D8EBC6 /* GoogleMobileAds */,
			);
			productName = GateOfOlympus;
			productReference = 6ADD16BC2BFBA58C00C76D08 /* GateOfOlympus.app */;
			productType = "com.apple.product-type.application";
		};
/* End PBXNativeTarget section */

/* Begin PBXProject section */
		6ADD16B42BFBA58C00C76D08 /* Project object */ = {
			isa = PBXProject;
			attributes = {
				BuildIndependentTargetsInParallel = 1;
				LastSwiftUpdateCheck = 1540;
				LastUpgradeCheck = 1540;
				TargetAttributes = {
					6ADD16BB2BFBA58C00C76D08 = {
						CreatedOnToolsVersion = 15.4;
					};
				};
			};
			buildConfigurationList = 6ADD16B72BFBA58C00C76D08 /* Build configuration list for PBXProject "GateOfOlympus" */;
			compatibilityVersion = "Xcode 14.0";
			developmentRegion = en;
			hasScannedForEncodings = 0;
			knownRegions = (
				en,
				Base,
			);
			mainGroup = 6ADD16B32BFBA58C00C76D08;
			packageReferences = (
				6A9850A02C924F4D00D8EBC6 /* XCRemoteSwiftPackageReference "swift-package-manager-google-mobile-ads" */,
			);
			productRefGroup = 6ADD16BD2BFBA58C00C76D08 /* Products */;
			projectDirPath = "";
			projectRoot = "";
			targets = (
				6ADD16BB2BFBA58C00C76D08 /* GateOfOlympus */,
			);
		};
/* End PBXProject section */

/* Begin PBXResourcesBuildPhase section */
		6ADD16BA2BFBA58C00C76D08 /* Resources */ = {
			isa = PBXResourcesBuildPhase;
			buildActionMask = 2147483647;
			files = (
				6A2C3D2F2C04F1CE008B8FCE /* coins.mp3 in Resources */,
				6ADD16C72BFBA58D00C76D08 /* Preview Assets.xcassets in Resources */,
				6AD693BA2BFCB1CA00F6493D /* Montserrat-Black.ttf in Resources */,
				6A2C3D2B2C04D1BB008B8FCE /* win.mp3 in Resources */,
				6AD693B32BFCA5F900F6493D /* Montserrat-Regular.ttf in Resources */,
				6A2C3D2D2C04D2FD008B8FCE /* wheel.mp3 in Resources */,
				6A2C3D312C04F8DD008B8FCE /* slot.mp3 in Resources */,
				6A78572F2C04955B00BE679F /* olympus.mp3 in Resources */,
				6ADD16C42BFBA58D00C76D08 /* Assets.xcassets in Resources */,
				6A2C3D292C04D0E7008B8FCE /* drop.mp3 in Resources */,
			);
			runOnlyForDeploymentPostprocessing = 0;
		};
/* End PBXResourcesBuildPhase section */

/* Begin PBXSourcesBuildPhase section */
		6ADD16B82BFBA58C00C76D08 /* Sources */ = {
			isa = PBXSourcesBuildPhase;
			buildActionMask = 2147483647;
			files = (
				6A7294492C1348E20099268B /* SettingsView.swift in Sources */,
				6A98509A2C92444900D8EBC6 /* InAppPurchaseManager.swift in Sources */,
				6A72944B2C134AC10099268B /* ParameterView.swift in Sources */,
				6AD693C32BFCFE6400F6493D /* ThunderGridView.swift in Sources */,
				6A59E4DA2BFBF4B0009FDF39 /* ThunderView.swift in Sources */,
				6A98509C2C924EC400D8EBC6 /* AdsManager.swift in Sources */,
				6AF42CD72C0BCA95005BE5F8 /* NotificationManager.swift in Sources */,
				6A59E4D82BFBF482009FDF39 /* MagicWheelView.swift in Sources */,
				6AD693BC2BFCBDCC00F6493D /* Constant.swift in Sources */,
				6A7857262C0491A500BE679F /* AudioPlayer.swift in Sources */,
				6ADD16D02BFBA6C300C76D08 /* OnboardingView.swift in Sources */,
				6ADD16C22BFBA58C00C76D08 /* HomeView.swift in Sources */,
				6A59E4E12BFBF8F8009FDF39 /* GradientButton.swift in Sources */,
				6AD693B12BFCA3BC00F6493D /* CoinsBalanceView.swift in Sources */,
				6AD693BE2BFCF20C00F6493D /* BlureBottomView.swift in Sources */,
				6ADD16C02BFBA58C00C76D08 /* GateOfOlympusApp.swift in Sources */,
				6AB6762B2C9238DB006E1B01 /* ExampleView.swift in Sources */,
				6A7A4B322C0070F5004E2132 /* BadgetPosition.swift in Sources */,
				6A6E8EC02C217F74001C5786 /* Ext+Device.swift in Sources */,
				6A59E4DF2BFBF55B009FDF39 /* GameCellContainer.swift in Sources */,
				6ADD16DA2BFBACB500C76D08 /* TextAreaConteiner.swift in Sources */,
				6A59E4DD2BFBF505009FDF39 /* NavBarComponent.swift in Sources */,
				6A3EEDA42C14CC9100E81E44 /* HeaderView.swift in Sources */,
				6A8B28952BFE0AA700D5A071 /* RotateWheelView.swift in Sources */,
				6AD693B82BFCA74600F6493D /* TextModifier.swift in Sources */,
				6ADD16D62BFBA96400C76D08 /* ThunderViewModel.swift in Sources */,
				6AD7CCD12BFE53CB0090D894 /* GuideView.swift in Sources */,
				6ADD16D22BFBA73F00C76D08 /* LaunchScreenView.swift in Sources */,
				6A59E4E32BFBFA4D009FDF39 /* ColorPalette.swift in Sources */,
			);
			runOnlyForDeploymentPostprocessing = 0;
		};
/* End PBXSourcesBuildPhase section */

/* Begin XCBuildConfiguration section */
		6ADD16C82BFBA58D00C76D08 /* Debug */ = {
			isa = XCBuildConfiguration;
			buildSettings = {
				ALWAYS_SEARCH_USER_PATHS = NO;
				ASSETCATALOG_COMPILER_GENERATE_SWIFT_ASSET_SYMBOL_EXTENSIONS = YES;
				CLANG_ANALYZER_NONNULL = YES;
				CLANG_ANALYZER_NUMBER_OBJECT_CONVERSION = YES_AGGRESSIVE;
				CLANG_CXX_LANGUAGE_STANDARD = "gnu++20";
				CLANG_ENABLE_MODULES = YES;
				CLANG_ENABLE_OBJC_ARC = YES;
				CLANG_ENABLE_OBJC_WEAK = YES;
				CLANG_WARN_BLOCK_CAPTURE_AUTORELEASING = YES;
				CLANG_WARN_BOOL_CONVERSION = YES;
				CLANG_WARN_COMMA = YES;
				CLANG_WARN_CONSTANT_CONVERSION = YES;
				CLANG_WARN_DEPRECATED_OBJC_IMPLEMENTATIONS = YES;
				CLANG_WARN_DIRECT_OBJC_ISA_USAGE = YES_ERROR;
				CLANG_WARN_DOCUMENTATION_COMMENTS = YES;
				CLANG_WARN_EMPTY_BODY = YES;
				CLANG_WARN_ENUM_CONVERSION = YES;
				CLANG_WARN_INFINITE_RECURSION = YES;
				CLANG_WARN_INT_CONVERSION = YES;
				CLANG_WARN_NON_LITERAL_NULL_CONVERSION = YES;
				CLANG_WARN_OBJC_IMPLICIT_RETAIN_SELF = YES;
				CLANG_WARN_OBJC_LITERAL_CONVERSION = YES;
				CLANG_WARN_OBJC_ROOT_CLASS = YES_ERROR;
				CLANG_WARN_QUOTED_INCLUDE_IN_FRAMEWORK_HEADER = YES;
				CLANG_WARN_RANGE_LOOP_ANALYSIS = YES;
				CLANG_WARN_STRICT_PROTOTYPES = YES;
				CLANG_WARN_SUSPICIOUS_MOVE = YES;
				CLANG_WARN_UNGUARDED_AVAILABILITY = YES_AGGRESSIVE;
				CLANG_WARN_UNREACHABLE_CODE = YES;
				CLANG_WARN__DUPLICATE_METHOD_MATCH = YES;
				COPY_PHASE_STRIP = NO;
				DEBUG_INFORMATION_FORMAT = dwarf;
				ENABLE_STRICT_OBJC_MSGSEND = YES;
				ENABLE_TESTABILITY = YES;
				ENABLE_USER_SCRIPT_SANDBOXING = YES;
				GCC_C_LANGUAGE_STANDARD = gnu17;
				GCC_DYNAMIC_NO_PIC = NO;
				GCC_NO_COMMON_BLOCKS = YES;
				GCC_OPTIMIZATION_LEVEL = 0;
				GCC_PREPROCESSOR_DEFINITIONS = (
					"DEBUG=1",
					"$(inherited)",
				);
				GCC_WARN_64_TO_32_BIT_CONVERSION = YES;
				GCC_WARN_ABOUT_RETURN_TYPE = YES_ERROR;
				GCC_WARN_UNDECLARED_SELECTOR = YES;
				GCC_WARN_UNINITIALIZED_AUTOS = YES_AGGRESSIVE;
				GCC_WARN_UNUSED_FUNCTION = YES;
				GCC_WARN_UNUSED_VARIABLE = YES;
				IPHONEOS_DEPLOYMENT_TARGET = 15.0;
				LOCALIZATION_PREFERS_STRING_CATALOGS = YES;
				MTL_ENABLE_DEBUG_INFO = INCLUDE_SOURCE;
				MTL_FAST_MATH = YES;
				ONLY_ACTIVE_ARCH = YES;
				SDKROOT = iphoneos;
				SWIFT_ACTIVE_COMPILATION_CONDITIONS = "DEBUG $(inherited)";
				SWIFT_OPTIMIZATION_LEVEL = "-Onone";
			};
			name = Debug;
		};
		6ADD16C92BFBA58D00C76D08 /* Release */ = {
			isa = XCBuildConfiguration;
			buildSettings = {
				ALWAYS_SEARCH_USER_PATHS = NO;
				ASSETCATALOG_COMPILER_GENERATE_SWIFT_ASSET_SYMBOL_EXTENSIONS = YES;
				CLANG_ANALYZER_NONNULL = YES;
				CLANG_ANALYZER_NUMBER_OBJECT_CONVERSION = YES_AGGRESSIVE;
				CLANG_CXX_LANGUAGE_STANDARD = "gnu++20";
				CLANG_ENABLE_MODULES = YES;
				CLANG_ENABLE_OBJC_ARC = YES;
				CLANG_ENABLE_OBJC_WEAK = YES;
				CLANG_WARN_BLOCK_CAPTURE_AUTORELEASING = YES;
				CLANG_WARN_BOOL_CONVERSION = YES;
				CLANG_WARN_COMMA = YES;
				CLANG_WARN_CONSTANT_CONVERSION = YES;
				CLANG_WARN_DEPRECATED_OBJC_IMPLEMENTATIONS = YES;
				CLANG_WARN_DIRECT_OBJC_ISA_USAGE = YES_ERROR;
				CLANG_WARN_DOCUMENTATION_COMMENTS = YES;
				CLANG_WARN_EMPTY_BODY = YES;
				CLANG_WARN_ENUM_CONVERSION = YES;
				CLANG_WARN_INFINITE_RECURSION = YES;
				CLANG_WARN_INT_CONVERSION = YES;
				CLANG_WARN_NON_LITERAL_NULL_CONVERSION = YES;
				CLANG_WARN_OBJC_IMPLICIT_RETAIN_SELF = YES;
				CLANG_WARN_OBJC_LITERAL_CONVERSION = YES;
				CLANG_WARN_OBJC_ROOT_CLASS = YES_ERROR;
				CLANG_WARN_QUOTED_INCLUDE_IN_FRAMEWORK_HEADER = YES;
				CLANG_WARN_RANGE_LOOP_ANALYSIS = YES;
				CLANG_WARN_STRICT_PROTOTYPES = YES;
				CLANG_WARN_SUSPICIOUS_MOVE = YES;
				CLANG_WARN_UNGUARDED_AVAILABILITY = YES_AGGRESSIVE;
				CLANG_WARN_UNREACHABLE_CODE = YES;
				CLANG_WARN__DUPLICATE_METHOD_MATCH = YES;
				COPY_PHASE_STRIP = NO;
				DEBUG_INFORMATION_FORMAT = "dwarf-with-dsym";
				ENABLE_NS_ASSERTIONS = NO;
				ENABLE_STRICT_OBJC_MSGSEND = YES;
				ENABLE_USER_SCRIPT_SANDBOXING = YES;
				GCC_C_LANGUAGE_STANDARD = gnu17;
				GCC_NO_COMMON_BLOCKS = YES;
				GCC_WARN_64_TO_32_BIT_CONVERSION = YES;
				GCC_WARN_ABOUT_RETURN_TYPE = YES_ERROR;
				GCC_WARN_UNDECLARED_SELECTOR = YES;
				GCC_WARN_UNINITIALIZED_AUTOS = YES_AGGRESSIVE;
				GCC_WARN_UNUSED_FUNCTION = YES;
				GCC_WARN_UNUSED_VARIABLE = YES;
				IPHONEOS_DEPLOYMENT_TARGET = 15.0;
				LOCALIZATION_PREFERS_STRING_CATALOGS = YES;
				MTL_ENABLE_DEBUG_INFO = NO;
				MTL_FAST_MATH = YES;
				SDKROOT = iphoneos;
				SWIFT_COMPILATION_MODE = wholemodule;
				VALIDATE_PRODUCT = YES;
			};
			name = Release;
		};
		6ADD16CB2BFBA58D00C76D08 /* Debug */ = {
			isa = XCBuildConfiguration;
			buildSettings = {
				ALWAYS_EMBED_SWIFT_STANDARD_LIBRARIES = YES;
				ASSETCATALOG_COMPILER_APPICON_NAME = AppIcon;
				ASSETCATALOG_COMPILER_GLOBAL_ACCENT_COLOR_NAME = AccentColor;
				CODE_SIGN_ENTITLEMENTS = GateOfOlympus/GateOfOlympus.entitlements;
				CODE_SIGN_STYLE = Automatic;
				CURRENT_PROJECT_VERSION = 1;
				DEVELOPMENT_ASSET_PATHS = "\"GateOfOlympus/Preview Content\"";
				DEVELOPMENT_TEAM = 9PCQ5XC84W;
				ENABLE_PREVIEWS = YES;
				GENERATE_INFOPLIST_FILE = YES;
				INFOPLIST_FILE = GateOfOlympus/Info.plist;
				INFOPLIST_KEY_CFBundleDisplayName = "Olympus Gold";
				INFOPLIST_KEY_LSApplicationCategoryType = "public.app-category.casino-games";
				INFOPLIST_KEY_UIApplicationSceneManifest_Generation = YES;
				INFOPLIST_KEY_UIApplicationSupportsIndirectInputEvents = YES;
				INFOPLIST_KEY_UILaunchScreen_Generation = YES;
				INFOPLIST_KEY_UIStatusBarStyle = "";
				INFOPLIST_KEY_UISupportedInterfaceOrientations = UIInterfaceOrientationPortrait;
				LD_RUNPATH_SEARCH_PATHS = (
					"$(inherited)",
					"@executable_path/Frameworks",
				);
				MARKETING_VERSION = 1.0;
				PRODUCT_BUNDLE_IDENTIFIER = com.mustafabekirov.GateOfOlympus;
				PRODUCT_NAME = "$(TARGET_NAME)";
				SUPPORTED_PLATFORMS = "iphoneos iphonesimulator";
				SUPPORTS_MACCATALYST = NO;
				SUPPORTS_MAC_DESIGNED_FOR_IPHONE_IPAD = NO;
				SUPPORTS_XR_DESIGNED_FOR_IPHONE_IPAD = NO;
				SWIFT_EMIT_LOC_STRINGS = YES;
				SWIFT_VERSION = 5.0;
				TARGETED_DEVICE_FAMILY = "1,2";
			};
			name = Debug;
		};
		6ADD16CC2BFBA58D00C76D08 /* Release */ = {
			isa = XCBuildConfiguration;
			buildSettings = {
				ALWAYS_EMBED_SWIFT_STANDARD_LIBRARIES = YES;
				ASSETCATALOG_COMPILER_APPICON_NAME = AppIcon;
				ASSETCATALOG_COMPILER_GLOBAL_ACCENT_COLOR_NAME = AccentColor;
				CODE_SIGN_ENTITLEMENTS = GateOfOlympus/GateOfOlympus.entitlements;
				CODE_SIGN_STYLE = Automatic;
				CURRENT_PROJECT_VERSION = 1;
				DEVELOPMENT_ASSET_PATHS = "\"GateOfOlympus/Preview Content\"";
				DEVELOPMENT_TEAM = 9PCQ5XC84W;
				ENABLE_PREVIEWS = YES;
				GENERATE_INFOPLIST_FILE = YES;
				INFOPLIST_FILE = GateOfOlympus/Info.plist;
				INFOPLIST_KEY_CFBundleDisplayName = "Olympus Gold";
				INFOPLIST_KEY_LSApplicationCategoryType = "public.app-category.casino-games";
				INFOPLIST_KEY_UIApplicationSceneManifest_Generation = YES;
				INFOPLIST_KEY_UIApplicationSupportsIndirectInputEvents = YES;
				INFOPLIST_KEY_UILaunchScreen_Generation = YES;
				INFOPLIST_KEY_UIStatusBarStyle = "";
				INFOPLIST_KEY_UISupportedInterfaceOrientations = UIInterfaceOrientationPortrait;
				LD_RUNPATH_SEARCH_PATHS = (
					"$(inherited)",
					"@executable_path/Frameworks",
				);
				MARKETING_VERSION = 1.0;
				PRODUCT_BUNDLE_IDENTIFIER = com.mustafabekirov.GateOfOlympus;
				PRODUCT_NAME = "$(TARGET_NAME)";
				SUPPORTED_PLATFORMS = "iphoneos iphonesimulator";
				SUPPORTS_MACCATALYST = NO;
				SUPPORTS_MAC_DESIGNED_FOR_IPHONE_IPAD = NO;
				SUPPORTS_XR_DESIGNED_FOR_IPHONE_IPAD = NO;
				SWIFT_EMIT_LOC_STRINGS = YES;
				SWIFT_VERSION = 5.0;
				TARGETED_DEVICE_FAMILY = "1,2";
			};
			name = Release;
		};
/* End XCBuildConfiguration section */

/* Begin XCConfigurationList section */
		6ADD16B72BFBA58C00C76D08 /* Build configuration list for PBXProject "GateOfOlympus" */ = {
			isa = XCConfigurationList;
			buildConfigurations = (
				6ADD16C82BFBA58D00C76D08 /* Debug */,
				6ADD16C92BFBA58D00C76D08 /* Release */,
			);
			defaultConfigurationIsVisible = 0;
			defaultConfigurationName = Release;
		};
		6ADD16CA2BFBA58D00C76D08 /* Build configuration list for PBXNativeTarget "GateOfOlympus" */ = {
			isa = XCConfigurationList;
			buildConfigurations = (
				6ADD16CB2BFBA58D00C76D08 /* Debug */,
				6ADD16CC2BFBA58D00C76D08 /* Release */,
			);
			defaultConfigurationIsVisible = 0;
			defaultConfigurationName = Release;
		};
/* End XCConfigurationList section */

/* Begin XCRemoteSwiftPackageReference section */
		6A9850A02C924F4D00D8EBC6 /* XCRemoteSwiftPackageReference "swift-package-manager-google-mobile-ads" */ = {
			isa = XCRemoteSwiftPackageReference;
			repositoryURL = "https://github.com/googleads/swift-package-manager-google-mobile-ads.git";
			requirement = {
				kind = upToNextMajorVersion;
				minimumVersion = 11.9.0;
			};
		};
/* End XCRemoteSwiftPackageReference section */

/* Begin XCSwiftPackageProductDependency section */
		6A9850A12C924F4D00D8EBC6 /* GoogleMobileAds */ = {
			isa = XCSwiftPackageProductDependency;
			package = 6A9850A02C924F4D00D8EBC6 /* XCRemoteSwiftPackageReference "swift-package-manager-google-mobile-ads" */;
			productName = GoogleMobileAds;
		};
/* End XCSwiftPackageProductDependency section */
	};
	rootObject = 6ADD16B42BFBA58C00C76D08 /* Project object */;
}
